
Microsoft Visual Studio Solution File, Format Version 12.00
# Visual Studio Version 16
VisualStudioVersion = 16.0.30717.126
MinimumVisualStudioVersion = 10.0.40219.1
Project("{FAE04EC0-301F-11D3-BF4B-00C04F79EFBC}") = "KPMAMS", "KPMAMS.csproj", "{9755CF55-F44E-47D8-8735-909CED8BB34E}"
EndProject
Global
	GlobalSection(SolutionConfigurationPlatforms) = preSolution
		Debug|Any CPU = Debug|Any CPU
		Release|Any CPU = Release|Any CPU
	EndGlobalSection
	GlobalSection(ProjectConfigurationPlatforms) = postSolution
		{9755CF55-F44E-47D8-8735-909CED8BB34E}.Debug|Any CPU.ActiveCfg = Debug|Any CPU
		{9755CF55-F44E-47D8-8735-909CED8BB34E}.Debug|Any CPU.Build.0 = Debug|Any CPU
		{9755CF55-F44E-47D8-8735-909CED8BB34E}.Release|Any CPU.ActiveCfg = Release|Any CPU
		{9755CF55-F44E-47D8-8735-909CED8BB34E}.Release|Any CPU.Build.0 = Release|Any CPU
	EndGlobalSection
	GlobalSection(SolutionProperties) = preSolution
		HideSolutionNode = FALSE
	EndGlobalSection
	GlobalSection(ExtensibilityGlobals) = postSolution
		SolutionGuid = {2ADA56AB-5C07-4C4E-A51C-E0EC1A8702BA}
	EndGlobalSection
EndGlobal
